
Microsoft Visual Studio Solution File, Format Version 12.00
# Visual Studio Version 17
VisualStudioVersion = 17.1.32210.238
MinimumVisualStudioVersion = 10.0.40219.1
Project("{FAE04EC0-301F-11D3-BF4B-00C04F79EFBC}") = "Mad lib", "Mad lib\Mad lib.csproj", "{3FE13F32-A20B-4DFF-8544-9E34697C38C4}"
EndProject
Global
	GlobalSection(SolutionConfigurationPlatforms) = preSolution
		Debug|Any CPU = Debug|Any CPU
		Release|Any CPU = Release|Any CPU
	EndGlobalSection
	GlobalSection(ProjectConfigurationPlatforms) = postSolution
		{3FE13F32-A20B-4DFF-8544-9E34697C38C4}.Debug|Any CPU.ActiveCfg = Debug|Any CPU
		{3FE13F32-A20B-4DFF-8544-9E34697C38C4}.Debug|Any CPU.Build.0 = Debug|Any CPU
		{3FE13F32-A20B-4DFF-8544-9E34697C38C4}.Release|Any CPU.ActiveCfg = Release|Any CPU
		{3FE13F32-A20B-4DFF-8544-9E34697C38C4}.Release|Any CPU.Build.0 = Release|Any CPU
	EndGlobalSection
	GlobalSection(SolutionProperties) = preSolution
		HideSolutionNode = FALSE
	EndGlobalSection
	GlobalSection(ExtensibilityGlobals) = postSolution
		SolutionGuid = {B486F875-0E91-49B0-97D0-FA0F901074DC}
	EndGlobalSection
EndGlobal
